
Microsoft Visual Studio Solution File, Format Version 12.00
# Visual Studio Version 17
VisualStudioVersion = 17.2.32616.157
MinimumVisualStudioVersion = 10.0.40219.1
Project("{9A19103F-16F7-4668-BE54-9A1E7A4F7556}") = "FoodDeliveryApi", "FoodDeliveryApi\FoodDeliveryApi.csproj", "{4299ABF0-15D9-4815-B93D-662EAE9C7913}"
EndProject
Project("{FAE04EC0-301F-11D3-BF4B-00C04F79EFBC}") = "FoodyApi", "FoodyApi\FoodyApi.csproj", "{64962509-7F2C-45A5-9EFC-61A0D96619F5}"
EndProject
Global
	GlobalSection(SolutionConfigurationPlatforms) = preSolution
		Debug|Any CPU = Debug|Any CPU
		Release|Any CPU = Release|Any CPU
	EndGlobalSection
	GlobalSection(ProjectConfigurationPlatforms) = postSolution
		{4299ABF0-15D9-4815-B93D-662EAE9C7913}.Debug|Any CPU.ActiveCfg = Debug|Any CPU
		{4299ABF0-15D9-4815-B93D-662EAE9C7913}.Debug|Any CPU.Build.0 = Debug|Any CPU
		{4299ABF0-15D9-4815-B93D-662EAE9C7913}.Release|Any CPU.ActiveCfg = Release|Any CPU
		{4299ABF0-15D9-4815-B93D-662EAE9C7913}.Release|Any CPU.Build.0 = Release|Any CPU
		{64962509-7F2C-45A5-9EFC-61A0D96619F5}.Debug|Any CPU.ActiveCfg = Debug|Any CPU
		{64962509-7F2C-45A5-9EFC-61A0D96619F5}.Debug|Any CPU.Build.0 = Debug|Any CPU
		{64962509-7F2C-45A5-9EFC-61A0D96619F5}.Release|Any CPU.ActiveCfg = Release|Any CPU
		{64962509-7F2C-45A5-9EFC-61A0D96619F5}.Release|Any CPU.Build.0 = Release|Any CPU
	EndGlobalSection
	GlobalSection(SolutionProperties) = preSolution
		HideSolutionNode = FALSE
	EndGlobalSection
	GlobalSection(ExtensibilityGlobals) = postSolution
		SolutionGuid = {DD059072-C9AF-4DC0-91E2-FFF23F257EBD}
	EndGlobalSection
EndGlobal
